
Microsoft Visual Studio Solution File, Format Version 12.00
# Visual Studio Version 17
VisualStudioVersion = 17.14.36811.4 d17.14
MinimumVisualStudioVersion = 10.0.40219.1
Project("{FAE04EC0-301F-11D3-BF4B-00C04F79EFBC}") = "Geometrie", "Geometrie\Geometrie.csproj", "{37CAC64F-7CEF-4227-B831-7E069969062C}"
EndProject
Global
	GlobalSection(SolutionConfigurationPlatforms) = preSolution
		Debug|Any CPU = Debug|Any CPU
		Release|Any CPU = Release|Any CPU
	EndGlobalSection
	GlobalSection(ProjectConfigurationPlatforms) = postSolution
		{37CAC64F-7CEF-4227-B831-7E069969062C}.Debug|Any CPU.ActiveCfg = Debug|Any CPU
		{37CAC64F-7CEF-4227-B831-7E069969062C}.Debug|Any CPU.Build.0 = Debug|Any CPU
		{37CAC64F-7CEF-4227-B831-7E069969062C}.Release|Any CPU.ActiveCfg = Release|Any CPU
		{37CAC64F-7CEF-4227-B831-7E069969062C}.Release|Any CPU.Build.0 = Release|Any CPU
	EndGlobalSection
	GlobalSection(SolutionProperties) = preSolution
		HideSolutionNode = FALSE
	EndGlobalSection
	GlobalSection(ExtensibilityGlobals) = postSolution
		SolutionGuid = {05626EBC-C7CB-47B8-957C-1B81F5146DEF}
	EndGlobalSection
EndGlobal
