
Microsoft Visual Studio Solution File, Format Version 12.00
# Visual Studio Version 17
VisualStudioVersion = 17.14.36811.4 d17.14
MinimumVisualStudioVersion = 10.0.40219.1
Project("{FAE04EC0-301F-11D3-BF4B-00C04F79EFBC}") = "Combat", "Combat\Combat.csproj", "{FC231CD8-F4BD-465F-9987-1E67EF551CD1}"
EndProject
Global
	GlobalSection(SolutionConfigurationPlatforms) = preSolution
		Debug|Any CPU = Debug|Any CPU
		Release|Any CPU = Release|Any CPU
	EndGlobalSection
	GlobalSection(ProjectConfigurationPlatforms) = postSolution
		{FC231CD8-F4BD-465F-9987-1E67EF551CD1}.Debug|Any CPU.ActiveCfg = Debug|Any CPU
		{FC231CD8-F4BD-465F-9987-1E67EF551CD1}.Debug|Any CPU.Build.0 = Debug|Any CPU
		{FC231CD8-F4BD-465F-9987-1E67EF551CD1}.Release|Any CPU.ActiveCfg = Release|Any CPU
		{FC231CD8-F4BD-465F-9987-1E67EF551CD1}.Release|Any CPU.Build.0 = Release|Any CPU
	EndGlobalSection
	GlobalSection(SolutionProperties) = preSolution
		HideSolutionNode = FALSE
	EndGlobalSection
	GlobalSection(ExtensibilityGlobals) = postSolution
		SolutionGuid = {D1FD3FF0-AF27-4A0C-BB8F-F9E7D9344AEA}
	EndGlobalSection
EndGlobal
