
Microsoft Visual Studio Solution File, Format Version 12.00
# Visual Studio Version 17
VisualStudioVersion = 17.14.36811.4 d17.14
MinimumVisualStudioVersion = 10.0.40219.1
Project("{FAE04EC0-301F-11D3-BF4B-00C04F79EFBC}") = "Travailleur et Scientifique", "Travailleur et Scientifique\Travailleur et Scientifique.csproj", "{FFBF757A-164E-4383-BCB5-64B54A031BC2}"
EndProject
Global
	GlobalSection(SolutionConfigurationPlatforms) = preSolution
		Debug|Any CPU = Debug|Any CPU
		Release|Any CPU = Release|Any CPU
	EndGlobalSection
	GlobalSection(ProjectConfigurationPlatforms) = postSolution
		{FFBF757A-164E-4383-BCB5-64B54A031BC2}.Debug|Any CPU.ActiveCfg = Debug|Any CPU
		{FFBF757A-164E-4383-BCB5-64B54A031BC2}.Debug|Any CPU.Build.0 = Debug|Any CPU
		{FFBF757A-164E-4383-BCB5-64B54A031BC2}.Release|Any CPU.ActiveCfg = Release|Any CPU
		{FFBF757A-164E-4383-BCB5-64B54A031BC2}.Release|Any CPU.Build.0 = Release|Any CPU
	EndGlobalSection
	GlobalSection(SolutionProperties) = preSolution
		HideSolutionNode = FALSE
	EndGlobalSection
	GlobalSection(ExtensibilityGlobals) = postSolution
		SolutionGuid = {3FD1060C-2588-4F60-AD2E-35C9AC16BFCC}
	EndGlobalSection
EndGlobal
