
Microsoft Visual Studio Solution File, Format Version 12.00
# Visual Studio Version 17
VisualStudioVersion = 17.14.36811.4 d17.14
MinimumVisualStudioVersion = 10.0.40219.1
Project("{FAE04EC0-301F-11D3-BF4B-00C04F79EFBC}") = "Exo Classe", "Exo Classe\Exo Classe.csproj", "{BEB1D34C-749D-43CB-B30F-9576D2F13764}"
EndProject
Global
	GlobalSection(SolutionConfigurationPlatforms) = preSolution
		Debug|Any CPU = Debug|Any CPU
		Release|Any CPU = Release|Any CPU
	EndGlobalSection
	GlobalSection(ProjectConfigurationPlatforms) = postSolution
		{BEB1D34C-749D-43CB-B30F-9576D2F13764}.Debug|Any CPU.ActiveCfg = Debug|Any CPU
		{BEB1D34C-749D-43CB-B30F-9576D2F13764}.Debug|Any CPU.Build.0 = Debug|Any CPU
		{BEB1D34C-749D-43CB-B30F-9576D2F13764}.Release|Any CPU.ActiveCfg = Release|Any CPU
		{BEB1D34C-749D-43CB-B30F-9576D2F13764}.Release|Any CPU.Build.0 = Release|Any CPU
	EndGlobalSection
	GlobalSection(SolutionProperties) = preSolution
		HideSolutionNode = FALSE
	EndGlobalSection
	GlobalSection(ExtensibilityGlobals) = postSolution
		SolutionGuid = {606B8A02-1C42-4B8E-8387-F42D94FE8A1C}
	EndGlobalSection
EndGlobal
