
Microsoft Visual Studio Solution File, Format Version 12.00
# Visual Studio Version 17
VisualStudioVersion = 17.14.36915.13 d17.14
MinimumVisualStudioVersion = 10.0.40219.1
Project("{FAE04EC0-301F-11D3-BF4B-00C04F79EFBC}") = "Exercice3", "Exercice3\Exercice3.csproj", "{46D301D6-7A9A-4023-8390-2E511652A35F}"
EndProject
Global
	GlobalSection(SolutionConfigurationPlatforms) = preSolution
		Debug|Any CPU = Debug|Any CPU
		Release|Any CPU = Release|Any CPU
	EndGlobalSection
	GlobalSection(ProjectConfigurationPlatforms) = postSolution
		{46D301D6-7A9A-4023-8390-2E511652A35F}.Debug|Any CPU.ActiveCfg = Debug|Any CPU
		{46D301D6-7A9A-4023-8390-2E511652A35F}.Debug|Any CPU.Build.0 = Debug|Any CPU
		{46D301D6-7A9A-4023-8390-2E511652A35F}.Release|Any CPU.ActiveCfg = Release|Any CPU
		{46D301D6-7A9A-4023-8390-2E511652A35F}.Release|Any CPU.Build.0 = Release|Any CPU
	EndGlobalSection
	GlobalSection(SolutionProperties) = preSolution
		HideSolutionNode = FALSE
	EndGlobalSection
	GlobalSection(ExtensibilityGlobals) = postSolution
		SolutionGuid = {380E23B3-CA01-468F-BF05-03FA0525A7B5}
	EndGlobalSection
EndGlobal
