
Microsoft Visual Studio Solution File, Format Version 12.00
# Visual Studio Version 17
VisualStudioVersion = 17.14.36811.4 d17.14
MinimumVisualStudioVersion = 10.0.40219.1
Project("{FAE04EC0-301F-11D3-BF4B-00C04F79EFBC}") = "Abstraction et Interfaces", "Abstraction et Interfaces\Abstraction et Interfaces.csproj", "{00305C8F-C625-4DDB-99F2-96E8B878A5B4}"
EndProject
Global
	GlobalSection(SolutionConfigurationPlatforms) = preSolution
		Debug|Any CPU = Debug|Any CPU
		Release|Any CPU = Release|Any CPU
	EndGlobalSection
	GlobalSection(ProjectConfigurationPlatforms) = postSolution
		{00305C8F-C625-4DDB-99F2-96E8B878A5B4}.Debug|Any CPU.ActiveCfg = Debug|Any CPU
		{00305C8F-C625-4DDB-99F2-96E8B878A5B4}.Debug|Any CPU.Build.0 = Debug|Any CPU
		{00305C8F-C625-4DDB-99F2-96E8B878A5B4}.Release|Any CPU.ActiveCfg = Release|Any CPU
		{00305C8F-C625-4DDB-99F2-96E8B878A5B4}.Release|Any CPU.Build.0 = Release|Any CPU
	EndGlobalSection
	GlobalSection(SolutionProperties) = preSolution
		HideSolutionNode = FALSE
	EndGlobalSection
	GlobalSection(ExtensibilityGlobals) = postSolution
		SolutionGuid = {580692F2-2055-4AC4-A7D0-93A4FD9DF7CF}
	EndGlobalSection
EndGlobal
